Microsoft Visual Studio Solution File, Format Version 10.00
# Visual C# Express 2008
Project("{FAE04EC0-301F-11D3-BF4B-00C04F79EFBC}") = "Interface", "Interface\Interface.csproj", "{E75A3C02-21C7-4FF3-A253-83857B5FDDFA}"
EndProject
Project("{FAE04EC0-301F-11D3-BF4B-00C04F79EFBC}") = "Backend", "Backend\Backend.csproj", "{5EB2AC58-5E4E-47C6-9971-D1973F5FA2EA}"
EndProject
Global
	GlobalSection(SolutionConfigurationPlatforms) = preSolution
		Debug|Any CPU = Debug|Any CPU
		Release|Any CPU = Release|Any CPU
	EndGlobalSection
	GlobalSection(ProjectConfigurationPlatforms) = postSolution
		{E75A3C02-21C7-4FF3-A253-83857B5FDDFA}.Debug|Any CPU.ActiveCfg = Debug|Any CPU
		{E75A3C02-21C7-4FF3-A253-83857B5FDDFA}.Debug|Any CPU.Build.0 = Debug|Any CPU
		{E75A3C02-21C7-4FF3-A253-83857B5FDDFA}.Release|Any CPU.ActiveCfg = Release|Any CPU
		{E75A3C02-21C7-4FF3-A253-83857B5FDDFA}.Release|Any CPU.Build.0 = Release|Any CPU
		{5EB2AC58-5E4E-47C6-9971-D1973F5FA2EA}.Debug|Any CPU.ActiveCfg = Debug|Any CPU
		{5EB2AC58-5E4E-47C6-9971-D1973F5FA2EA}.Debug|Any CPU.Build.0 = Debug|Any CPU
		{5EB2AC58-5E4E-47C6-9971-D1973F5FA2EA}.Release|Any CPU.ActiveCfg = Release|Any CPU
		{5EB2AC58-5E4E-47C6-9971-D1973F5FA2EA}.Release|Any CPU.Build.0 = Release|Any CPU
	EndGlobalSection
	GlobalSection(SolutionProperties) = preSolution
		HideSolutionNode = FALSE
	EndGlobalSection
EndGlobal
